
Microsoft Visual Studio Solution File, Format Version 12.00
# Visual Studio Version 16
VisualStudioVersion = 16.0.31205.134
MinimumVisualStudioVersion = 10.0.40219.1
Project("{FAE04EC0-301F-11D3-BF4B-00C04F79EFBC}") = "SURVEILLANCE_FACE_RECOGNITION", "Library_Management\SURVEILLANCE_FACE_RECOGNITION.csproj", "{9EFB1641-7635-4BE5-834D-8D531FBC4D51}"
EndProject
Global
	GlobalSection(SolutionConfigurationPlatforms) = preSolution
		Debug|Any CPU = Debug|Any CPU
		Release|Any CPU = Release|Any CPU
	EndGlobalSection
	GlobalSection(ProjectConfigurationPlatforms) = postSolution
		{9EFB1641-7635-4BE5-834D-8D531FBC4D51}.Debug|Any CPU.ActiveCfg = Debug|Any CPU
		{9EFB1641-7635-4BE5-834D-8D531FBC4D51}.Debug|Any CPU.Build.0 = Debug|Any CPU
		{9EFB1641-7635-4BE5-834D-8D531FBC4D51}.Release|Any CPU.ActiveCfg = Release|Any CPU
		{9EFB1641-7635-4BE5-834D-8D531FBC4D51}.Release|Any CPU.Build.0 = Release|Any CPU
	EndGlobalSection
	GlobalSection(SolutionProperties) = preSolution
		HideSolutionNode = FALSE
	EndGlobalSection
	GlobalSection(ExtensibilityGlobals) = postSolution
		SolutionGuid = {8971C967-E709-4F97-A2FF-13BF9020FC44}
	EndGlobalSection
EndGlobal
